{
  "nodes": {
    "nix-darwin": {
      "inputs": {
        "nixpkgs": [
          "nixpkgs"
        ]
      },
      "locked": {
        "lastModified": 1722082646,
        "narHash": "sha256-od8dBWVP/ngg0cuoyEl/w9D+TCNDj6Kh4tr151Aax7w=",
        "owner": "LnL7",
        "repo": "nix-darwin",
        "rev": "0413754b3cdb879ba14f6e96915e5fdf06c6aab6",
        "type": "github"
      },
      "original": {
        "owner": "LnL7",
        "repo": "nix-darwin",
        "type": "github"
      }
    },
    "nixpkgs": {
      "locked": {
        "lastModified": 1722040881,
        "narHash": "sha256-NMDotPxtCNvmRnUo/YuxNOpN8+UMONBlNBnRFsGHADQ=",
        "owner": "NixOS",
        "repo": "nixpkgs",
        "rev": "48bacf585a51d953def8bff32087970f273052e2",
        "type": "github"
      },
      "original": {
        "owner": "NixOS",
        "ref": "nixpkgs-unstable",
        "repo": "nixpkgs",
        "type": "github"
      }
    },
    "root": {
      "inputs": {
        "nix-darwin": "nix-darwin",
        "nixpkgs": "nixpkgs"
      }
    }
  },
  "root": "root",
  "version": 7
}
